
Microsoft Visual Studio Solution File, Format Version 12.00
Project("{FAE04EC0-301F-11D3-BF4B-00C04F79EFBC}") = "BenchmarkExample", "BenchmarkExample\BenchmarkExample.csproj", "{3AA92A70-0D3D-4227-B543-C7E84501DEC2}"
EndProject
Global
	GlobalSection(SolutionConfigurationPlatforms) = preSolution
		Debug|Any CPU = Debug|Any CPU
		Release|Any CPU = Release|Any CPU
	EndGlobalSection
	GlobalSection(ProjectConfigurationPlatforms) = postSolution
		{3AA92A70-0D3D-4227-B543-C7E84501DEC2}.Debug|Any CPU.ActiveCfg = Debug|Any CPU
		{3AA92A70-0D3D-4227-B543-C7E84501DEC2}.Debug|Any CPU.Build.0 = Debug|Any CPU
		{3AA92A70-0D3D-4227-B543-C7E84501DEC2}.Release|Any CPU.ActiveCfg = Release|Any CPU
		{3AA92A70-0D3D-4227-B543-C7E84501DEC2}.Release|Any CPU.Build.0 = Release|Any CPU
	EndGlobalSection
EndGlobal
